
Microsoft Visual Studio Solution File, Format Version 12.00
# Visual Studio Version 17
VisualStudioVersion = 17.7.34009.444
MinimumVisualStudioVersion = 10.0.40219.1
Project("{9A19103F-16F7-4668-BE54-9A1E7A4F7556}") = "BooksWeb", "BooksWeb\BooksWeb.csproj", "{875F1516-F7D8-4A37-9CF6-A424D2E2E36D}"
EndProject
Project("{9A19103F-16F7-4668-BE54-9A1E7A4F7556}") = "TeamB.BookManagement", "TeamB.BookManagement\TeamB.BookManagement.csproj", "{781AC80D-1697-4A13-BD16-E7FC94F88AC3}"
EndProject
Project("{9A19103F-16F7-4668-BE54-9A1E7A4F7556}") = "TeamB.BookManagement.Repositories.Ado", "TeamB.BookManagement.Repositories.Ado\TeamB.BookManagement.Repositories.Ado.csproj", "{F4A36577-0AF7-4240-A01D-CE14AF14CB82}"
EndProject
Project("{9A19103F-16F7-4668-BE54-9A1E7A4F7556}") = "TeamB.Data", "TeamB.Data\TeamB.Data.csproj", "{1F8BF138-01AD-4AF1-B12C-CE2BAD975452}"
EndProject
Project("{9A19103F-16F7-4668-BE54-9A1E7A4F7556}") = "TeamB.Utils", "TeamB.Utils\TeamB.Utils.csproj", "{2D9EAF98-020C-4CFF-B052-B1F431AE36B3}"
EndProject
Project("{FAE04EC0-301F-11D3-BF4B-00C04F79EFBC}") = "TeamB.BookManagement.Repositories.EFRepository", "TeamB.BookManagement.Repositories.EFRepository\TeamB.BookManagement.Repositories.EFRepository.csproj", "{2B245294-9468-492B-9D55-A09C4FA40076}"
EndProject
Global
	GlobalSection(SolutionConfigurationPlatforms) = preSolution
		Debug|Any CPU = Debug|Any CPU
		Release|Any CPU = Release|Any CPU
	EndGlobalSection
	GlobalSection(ProjectConfigurationPlatforms) = postSolution
		{875F1516-F7D8-4A37-9CF6-A424D2E2E36D}.Debug|Any CPU.ActiveCfg = Debug|Any CPU
		{875F1516-F7D8-4A37-9CF6-A424D2E2E36D}.Debug|Any CPU.Build.0 = Debug|Any CPU
		{875F1516-F7D8-4A37-9CF6-A424D2E2E36D}.Release|Any CPU.ActiveCfg = Release|Any CPU
		{875F1516-F7D8-4A37-9CF6-A424D2E2E36D}.Release|Any CPU.Build.0 = Release|Any CPU
		{781AC80D-1697-4A13-BD16-E7FC94F88AC3}.Debug|Any CPU.ActiveCfg = Debug|Any CPU
		{781AC80D-1697-4A13-BD16-E7FC94F88AC3}.Debug|Any CPU.Build.0 = Debug|Any CPU
		{781AC80D-1697-4A13-BD16-E7FC94F88AC3}.Release|Any CPU.ActiveCfg = Release|Any CPU
		{781AC80D-1697-4A13-BD16-E7FC94F88AC3}.Release|Any CPU.Build.0 = Release|Any CPU
		{F4A36577-0AF7-4240-A01D-CE14AF14CB82}.Debug|Any CPU.ActiveCfg = Debug|Any CPU
		{F4A36577-0AF7-4240-A01D-CE14AF14CB82}.Debug|Any CPU.Build.0 = Debug|Any CPU
		{F4A36577-0AF7-4240-A01D-CE14AF14CB82}.Release|Any CPU.ActiveCfg = Release|Any CPU
		{F4A36577-0AF7-4240-A01D-CE14AF14CB82}.Release|Any CPU.Build.0 = Release|Any CPU
		{1F8BF138-01AD-4AF1-B12C-CE2BAD975452}.Debug|Any CPU.ActiveCfg = Debug|Any CPU
		{1F8BF138-01AD-4AF1-B12C-CE2BAD975452}.Debug|Any CPU.Build.0 = Debug|Any CPU
		{1F8BF138-01AD-4AF1-B12C-CE2BAD975452}.Release|Any CPU.ActiveCfg = Release|Any CPU
		{1F8BF138-01AD-4AF1-B12C-CE2BAD975452}.Release|Any CPU.Build.0 = Release|Any CPU
		{2D9EAF98-020C-4CFF-B052-B1F431AE36B3}.Debug|Any CPU.ActiveCfg = Debug|Any CPU
		{2D9EAF98-020C-4CFF-B052-B1F431AE36B3}.Debug|Any CPU.Build.0 = Debug|Any CPU
		{2D9EAF98-020C-4CFF-B052-B1F431AE36B3}.Release|Any CPU.ActiveCfg = Release|Any CPU
		{2D9EAF98-020C-4CFF-B052-B1F431AE36B3}.Release|Any CPU.Build.0 = Release|Any CPU
		{2B245294-9468-492B-9D55-A09C4FA40076}.Debug|Any CPU.ActiveCfg = Debug|Any CPU
		{2B245294-9468-492B-9D55-A09C4FA40076}.Debug|Any CPU.Build.0 = Debug|Any CPU
		{2B245294-9468-492B-9D55-A09C4FA40076}.Release|Any CPU.ActiveCfg = Release|Any CPU
		{2B245294-9468-492B-9D55-A09C4FA40076}.Release|Any CPU.Build.0 = Release|Any CPU
	EndGlobalSection
	GlobalSection(SolutionProperties) = preSolution
		HideSolutionNode = FALSE
	EndGlobalSection
	GlobalSection(ExtensibilityGlobals) = postSolution
		SolutionGuid = {05AFE3FD-14EB-4669-B3EA-1B381C43EABD}
	EndGlobalSection
EndGlobal
